
Microsoft Visual Studio Solution File, Format Version 12.00
# Visual Studio Version 16
VisualStudioVersion = 16.0.31729.503
MinimumVisualStudioVersion = 10.0.40219.1
Project("{2150E333-8FDC-42A3-9474-1A3956D46DE8}") = "Lab1", "Lab1", "{7EC0A4BB-A873-43E9-992C-BA48F3D4C37B}"
EndProject
Project("{FAE04EC0-301F-11D3-BF4B-00C04F79EFBC}") = "GeometricObjects", "Lab1\GeometricObjects\GeometricObjects.csproj", "{33AD23E8-0677-4900-80DA-BC65A9AFFA9A}"
EndProject
Project("{FAE04EC0-301F-11D3-BF4B-00C04F79EFBC}") = "Lab1Main", "Lab1\MainForm\Lab1Main.csproj", "{357298D0-9665-437B-9581-765D8B3E92D3}"
EndProject
Project("{FAE04EC0-301F-11D3-BF4B-00C04F79EFBC}") = "InputString", "InputString\InputString.csproj", "{621A52B3-F0D9-47FA-96D8-BA7A356A0A78}"
EndProject
Project("{2150E333-8FDC-42A3-9474-1A3956D46DE8}") = "Lab2", "Lab2", "{07C2D971-842E-4F25-8940-E717FB56010E}"
EndProject
Project("{FAE04EC0-301F-11D3-BF4B-00C04F79EFBC}") = "Sportsmans", "Sportsmans\Sportsmans.csproj", "{38C60943-F945-4C9C-8635-BC3064371761}"
EndProject
Project("{FAE04EC0-301F-11D3-BF4B-00C04F79EFBC}") = "Lab2Main", "Main\Lab2Main.csproj", "{07A8E222-4BCB-48E6-B293-18D21EBA6BEE}"
EndProject
Project("{2150E333-8FDC-42A3-9474-1A3956D46DE8}") = "Lab3", "Lab3", "{F73C9524-5041-4526-818F-828B6E62695B}"
EndProject
Project("{FAE04EC0-301F-11D3-BF4B-00C04F79EFBC}") = "Lab3.Models", "Lab3.Models\Lab3.Models.csproj", "{A99F02D6-3B64-4F4F-BA36-3AB2500BB3C1}"
EndProject
Project("{FAE04EC0-301F-11D3-BF4B-00C04F79EFBC}") = "Lab3.Main", "Lab3.Main\Lab3.Main.csproj", "{EC5FBEB3-A758-4044-8EB6-F36AAF692512}"
EndProject
Project("{FAE04EC0-301F-11D3-BF4B-00C04F79EFBC}") = "Lab3.Repository", "Lab3.Repository\Lab3.Repository.csproj", "{4497B9A9-EF17-4E25-884C-88A5D0001245}"
EndProject
Project("{2150E333-8FDC-42A3-9474-1A3956D46DE8}") = "Solution Items", "Solution Items", "{3CFF2009-671C-4783-B277-86A281095F1B}"
	ProjectSection(SolutionItems) = preProject
		README.md = README.md
	EndProjectSection
EndProject
Project("{2150E333-8FDC-42A3-9474-1A3956D46DE8}") = "Lab4", "Lab4", "{7D75567A-98DC-4AE2-8AD0-639BF2FF9F90}"
EndProject
Project("{FAE04EC0-301F-11D3-BF4B-00C04F79EFBC}") = "Lab4.Models", "Lab4.Models\Lab4.Models.csproj", "{DB56DC2A-C4F4-495A-9646-1EB2613DA619}"
EndProject
Project("{FAE04EC0-301F-11D3-BF4B-00C04F79EFBC}") = "Lab4.Main", "Lab4.Main\Lab4.Main.csproj", "{7F6A28CE-D53D-4B3E-B34B-2E82BBC23D05}"
EndProject
Global
	GlobalSection(SolutionConfigurationPlatforms) = preSolution
		Debug|Any CPU = Debug|Any CPU
		Release|Any CPU = Release|Any CPU
	EndGlobalSection
	GlobalSection(ProjectConfigurationPlatforms) = postSolution
		{33AD23E8-0677-4900-80DA-BC65A9AFFA9A}.Debug|Any CPU.ActiveCfg = Debug|Any CPU
		{33AD23E8-0677-4900-80DA-BC65A9AFFA9A}.Debug|Any CPU.Build.0 = Debug|Any CPU
		{33AD23E8-0677-4900-80DA-BC65A9AFFA9A}.Release|Any CPU.ActiveCfg = Release|Any CPU
		{33AD23E8-0677-4900-80DA-BC65A9AFFA9A}.Release|Any CPU.Build.0 = Release|Any CPU
		{357298D0-9665-437B-9581-765D8B3E92D3}.Debug|Any CPU.ActiveCfg = Debug|Any CPU
		{357298D0-9665-437B-9581-765D8B3E92D3}.Debug|Any CPU.Build.0 = Debug|Any CPU
		{357298D0-9665-437B-9581-765D8B3E92D3}.Release|Any CPU.ActiveCfg = Release|Any CPU
		{357298D0-9665-437B-9581-765D8B3E92D3}.Release|Any CPU.Build.0 = Release|Any CPU
		{621A52B3-F0D9-47FA-96D8-BA7A356A0A78}.Debug|Any CPU.ActiveCfg = Debug|Any CPU
		{621A52B3-F0D9-47FA-96D8-BA7A356A0A78}.Debug|Any CPU.Build.0 = Debug|Any CPU
		{621A52B3-F0D9-47FA-96D8-BA7A356A0A78}.Release|Any CPU.ActiveCfg = Release|Any CPU
		{621A52B3-F0D9-47FA-96D8-BA7A356A0A78}.Release|Any CPU.Build.0 = Release|Any CPU
		{38C60943-F945-4C9C-8635-BC3064371761}.Debug|Any CPU.ActiveCfg = Debug|Any CPU
		{38C60943-F945-4C9C-8635-BC3064371761}.Debug|Any CPU.Build.0 = Debug|Any CPU
		{38C60943-F945-4C9C-8635-BC3064371761}.Release|Any CPU.ActiveCfg = Release|Any CPU
		{38C60943-F945-4C9C-8635-BC3064371761}.Release|Any CPU.Build.0 = Release|Any CPU
		{07A8E222-4BCB-48E6-B293-18D21EBA6BEE}.Debug|Any CPU.ActiveCfg = Debug|Any CPU
		{07A8E222-4BCB-48E6-B293-18D21EBA6BEE}.Debug|Any CPU.Build.0 = Debug|Any CPU
		{07A8E222-4BCB-48E6-B293-18D21EBA6BEE}.Release|Any CPU.ActiveCfg = Release|Any CPU
		{07A8E222-4BCB-48E6-B293-18D21EBA6BEE}.Release|Any CPU.Build.0 = Release|Any CPU
		{A99F02D6-3B64-4F4F-BA36-3AB2500BB3C1}.Debug|Any CPU.ActiveCfg = Debug|Any CPU
		{A99F02D6-3B64-4F4F-BA36-3AB2500BB3C1}.Debug|Any CPU.Build.0 = Debug|Any CPU
		{A99F02D6-3B64-4F4F-BA36-3AB2500BB3C1}.Release|Any CPU.ActiveCfg = Release|Any CPU
		{A99F02D6-3B64-4F4F-BA36-3AB2500BB3C1}.Release|Any CPU.Build.0 = Release|Any CPU
		{EC5FBEB3-A758-4044-8EB6-F36AAF692512}.Debug|Any CPU.ActiveCfg = Debug|Any CPU
		{EC5FBEB3-A758-4044-8EB6-F36AAF692512}.Debug|Any CPU.Build.0 = Debug|Any CPU
		{EC5FBEB3-A758-4044-8EB6-F36AAF692512}.Release|Any CPU.ActiveCfg = Release|Any CPU
		{EC5FBEB3-A758-4044-8EB6-F36AAF692512}.Release|Any CPU.Build.0 = Release|Any CPU
		{4497B9A9-EF17-4E25-884C-88A5D0001245}.Debug|Any CPU.ActiveCfg = Debug|Any CPU
		{4497B9A9-EF17-4E25-884C-88A5D0001245}.Debug|Any CPU.Build.0 = Debug|Any CPU
		{4497B9A9-EF17-4E25-884C-88A5D0001245}.Release|Any CPU.ActiveCfg = Release|Any CPU
		{4497B9A9-EF17-4E25-884C-88A5D0001245}.Release|Any CPU.Build.0 = Release|Any CPU
		{DB56DC2A-C4F4-495A-9646-1EB2613DA619}.Debug|Any CPU.ActiveCfg = Debug|Any CPU
		{DB56DC2A-C4F4-495A-9646-1EB2613DA619}.Debug|Any CPU.Build.0 = Debug|Any CPU
		{DB56DC2A-C4F4-495A-9646-1EB2613DA619}.Release|Any CPU.ActiveCfg = Release|Any CPU
		{DB56DC2A-C4F4-495A-9646-1EB2613DA619}.Release|Any CPU.Build.0 = Release|Any CPU
		{7F6A28CE-D53D-4B3E-B34B-2E82BBC23D05}.Debug|Any CPU.ActiveCfg = Debug|Any CPU
		{7F6A28CE-D53D-4B3E-B34B-2E82BBC23D05}.Debug|Any CPU.Build.0 = Debug|Any CPU
		{7F6A28CE-D53D-4B3E-B34B-2E82BBC23D05}.Release|Any CPU.ActiveCfg = Release|Any CPU
		{7F6A28CE-D53D-4B3E-B34B-2E82BBC23D05}.Release|Any CPU.Build.0 = Release|Any CPU
	EndGlobalSection
	GlobalSection(SolutionProperties) = preSolution
		HideSolutionNode = FALSE
	EndGlobalSection
	GlobalSection(NestedProjects) = preSolution
		{33AD23E8-0677-4900-80DA-BC65A9AFFA9A} = {7EC0A4BB-A873-43E9-992C-BA48F3D4C37B}
		{357298D0-9665-437B-9581-765D8B3E92D3} = {7EC0A4BB-A873-43E9-992C-BA48F3D4C37B}
		{38C60943-F945-4C9C-8635-BC3064371761} = {07C2D971-842E-4F25-8940-E717FB56010E}
		{07A8E222-4BCB-48E6-B293-18D21EBA6BEE} = {07C2D971-842E-4F25-8940-E717FB56010E}
		{A99F02D6-3B64-4F4F-BA36-3AB2500BB3C1} = {F73C9524-5041-4526-818F-828B6E62695B}
		{EC5FBEB3-A758-4044-8EB6-F36AAF692512} = {F73C9524-5041-4526-818F-828B6E62695B}
		{4497B9A9-EF17-4E25-884C-88A5D0001245} = {F73C9524-5041-4526-818F-828B6E62695B}
		{DB56DC2A-C4F4-495A-9646-1EB2613DA619} = {7D75567A-98DC-4AE2-8AD0-639BF2FF9F90}
		{7F6A28CE-D53D-4B3E-B34B-2E82BBC23D05} = {7D75567A-98DC-4AE2-8AD0-639BF2FF9F90}
	EndGlobalSection
	GlobalSection(ExtensibilityGlobals) = postSolution
		SolutionGuid = {7FBED71A-0AB8-4BA6-9104-9C84C49FB7F8}
	EndGlobalSection
EndGlobal
